// =============================================================================
// INFRA/DOCKER — package-lock.json
// Fichier de verrouillage des dépendances Node.js / npm
// =============================================================================
// RÔLE DU FICHIER :
// Ce fichier est généré automatiquement par "npm install" quand on exécute
// une commande npm dans ce dossier. Il enregistre les versions EXACTES de
// toutes les dépendances npm installées.
//
// POURQUOI CE FICHIER EST ICI ?
// Ce dossier (infra/docker) ne contient normalement que des fichiers Docker
// (docker-compose.yml, init-db.sql...). Ce package-lock.json a été généré
// accidentellement par une commande npm exécutée dans ce répertoire,
// probablement lors d'un "npm install" lancé depuis le mauvais dossier.
//
// CONTENU : VIDE (packages: {})
// "packages": {} = aucune dépendance npm n'a été installée dans ce dossier.
// Le fichier existe mais ne contient aucune vraie dépendance.
//
// OÙ SONT LES VRAIES DÉPENDANCES FRONTEND ?
// Les dépendances JavaScript/Angular sont dans :
// → web/package.json (Angular 17, dependencies, devDependencies)
// → web/package-lock.json (versions exactes verrouillées)
//
// CE FICHIER N'A PAS D'IMPACT sur l'application.
// Il peut être ignoré dans .gitignore si on veut éviter de le pousser.
// =============================================================================
{
  // Nom du "projet" npm associé à ce dossier (auto-généré, ici = nom du dossier)
  "name": "docker",

  // lockfileVersion: 3 = format npm v7+ (le plus récent, plus compact que v1/v2)
  "lockfileVersion": 3,

  // requires: true = indique que les packages déclarés dans package.json
  // sont requis (mais aucun package.json parent n'a été trouvé ici)
  "requires": true,

  // packages: {} = AUCUNE dépendance installée dans ce dossier
  // Si des dépendances avaient été installées, elles apparaîtraient ici
  // avec leurs versions exactes, checksums d'intégrité, et dépendances transitives
  "packages": {}
}
